// !$*UTF8*$!
{
	archiveVersion = 1;
	classes = {
	};
	objectVersion = 50;
	objects = {

/* Begin PBXBuildFile section */
		9C5D29B314379FA27E193C68 /* Pods_DailyLifeV2.framework in Frameworks */ = {isa = PBXBuildFile; fileRef = 9E16A3F239C02545B482EB3F /* Pods_DailyLifeV2.framework */; };
		E70492AC23014FCC0023E468 /* SideMenuCell.swift in Sources */ = {isa = PBXBuildFile; fileRef = E70492AB23014FCC0023E468 /* SideMenuCell.swift */; };
		E71F710D22C267D60050B506 /* AppDelegate.swift in Sources */ = {isa = PBXBuildFile; fileRef = E71F710C22C267D60050B506 /* AppDelegate.swift */; };
		E71F710F22C267D60050B506 /* HomeVC.swift in Sources */ = {isa = PBXBuildFile; fileRef = E71F710E22C267D60050B506 /* HomeVC.swift */; };
		E71F711422C267D80050B506 /* Assets.xcassets in Resources */ = {isa = PBXBuildFile; fileRef = E71F711322C267D80050B506 /* Assets.xcassets */; };
		E71F711722C267D80050B506 /* LaunchScreen.storyboard in Resources */ = {isa = PBXBuildFile; fileRef = E71F711522C267D80050B506 /* LaunchScreen.storyboard */; };
		E71F712322C27C2C0050B506 /* MainVC.swift in Sources */ = {isa = PBXBuildFile; fileRef = E71F712222C27C2C0050B506 /* MainVC.swift */; };
		E71F712522C27E890050B506 /* SideMenuVC.swift in Sources */ = {isa = PBXBuildFile; fileRef = E71F712422C27E890050B506 /* SideMenuVC.swift */; };
		E71F712722C284630050B506 /* PageVC.swift in Sources */ = {isa = PBXBuildFile; fileRef = E71F712622C284630050B506 /* PageVC.swift */; };
		E74B26452303D2E50057684B /* Extensions.swift in Sources */ = {isa = PBXBuildFile; fileRef = E74B26442303D2E50057684B /* Extensions.swift */; };
		E780E5B22301938000869885 /* Main.storyboard in Resources */ = {isa = PBXBuildFile; fileRef = E780E5B12301938000869885 /* Main.storyboard */; };
		E79D0004230557BD0009AF58 /* DailyLife.jpg in Resources */ = {isa = PBXBuildFile; fileRef = E79D0003230557BD0009AF58 /* DailyLife.jpg */; };
		E79D708B22DC50F3001125F6 /* PageCell.swift in Sources */ = {isa = PBXBuildFile; fileRef = E79D708A22DC50F3001125F6 /* PageCell.swift */; };
		E7BDA7932304657F00174257 /* CardVC.swift in Sources */ = {isa = PBXBuildFile; fileRef = E7BDA7912304657F00174257 /* CardVC.swift */; };
		E7BDA7942304657F00174257 /* CardVC.xib in Resources */ = {isa = PBXBuildFile; fileRef = E7BDA7922304657F00174257 /* CardVC.xib */; };
		E7BDA79623046AE500174257 /* WebViewController.swift in Sources */ = {isa = PBXBuildFile; fileRef = E7BDA79523046AE500174257 /* WebViewController.swift */; };
		E7C8E37222C3BC5E00235DA5 /* ApiServices.swift in Sources */ = {isa = PBXBuildFile; fileRef = E7C8E37122C3BC5E00235DA5 /* ApiServices.swift */; };
		E7C8E37822C3C4E300235DA5 /* NewsApi.swift in Sources */ = {isa = PBXBuildFile; fileRef = E7C8E37722C3C4E300235DA5 /* NewsApi.swift */; };
		E7F30CAB2305AEF700305C69 /* ReadingVC2.swift in Sources */ = {isa = PBXBuildFile; fileRef = E7F30CAA2305AEF700305C69 /* ReadingVC2.swift */; };
		E7F30CAD2305AF4500305C69 /* ReadingCell.swift in Sources */ = {isa = PBXBuildFile; fileRef = E7F30CAC2305AF4500305C69 /* ReadingCell.swift */; };
/* End PBXBuildFile section */

/* Begin PBXFileReference section */
		71B047000680A13661F4848D /* Pods-DailyLifeV2.debug.xcconfig */ = {isa = PBXFileReference; includeInIndex = 1; lastKnownFileType = text.xcconfig; name = "Pods-DailyLifeV2.debug.xcconfig"; path = "Pods/Target Support Files/Pods-DailyLifeV2/Pods-DailyLifeV2.debug.xcconfig"; sourceTree = "<group>"; };
		86EDA4EDD397EBA02FC6B968 /* Pods-DailyLifeV2.release.xcconfig */ = {isa = PBXFileReference; includeInIndex = 1; lastKnownFileType = text.xcconfig; name = "Pods-DailyLifeV2.release.xcconfig"; path = "Pods/Target Support Files/Pods-DailyLifeV2/Pods-DailyLifeV2.release.xcconfig"; sourceTree = "<group>"; };
		9E16A3F239C02545B482EB3F /* Pods_DailyLifeV2.framework */ = {isa = PBXFileReference; explicitFileType = wrapper.framework; includeInIndex = 0; path = Pods_DailyLifeV2.framework; sourceTree = BUILT_PRODUCTS_DIR; };
		E70492AB23014FCC0023E468 /* SideMenuCell.swift */ = {isa = PBXFileReference; lastKnownFileType = sourcecode.swift; path = SideMenuCell.swift; sourceTree = "<group>"; };
		E71F710922C267D60050B506 /* DailyLifeV2.app */ = {isa = PBXFileReference; explicitFileType = wrapper.application; includeInIndex = 0; path = DailyLifeV2.app; sourceTree = BUILT_PRODUCTS_DIR; };
		E71F710C22C267D60050B506 /* AppDelegate.swift */ = {isa = PBXFileReference; lastKnownFileType = sourcecode.swift; path = AppDelegate.swift; sourceTree = "<group>"; };
		E71F710E22C267D60050B506 /* HomeVC.swift */ = {isa = PBXFileReference; lastKnownFileType = sourcecode.swift; path = HomeVC.swift; sourceTree = "<group>"; };
		E71F711322C267D80050B506 /* Assets.xcassets */ = {isa = PBXFileReference; lastKnownFileType = folder.assetcatalog; path = Assets.xcassets; sourceTree = "<group>"; };
		E71F711622C267D80050B506 /* Base */ = {isa = PBXFileReference; lastKnownFileType = file.storyboard; name = Base; path = Base.lproj/LaunchScreen.storyboard; sourceTree = "<group>"; };
		E71F711822C267D80050B506 /* Info.plist */ = {isa = PBXFileReference; lastKnownFileType = text.plist.xml; path = Info.plist; sourceTree = "<group>"; };
		E71F712222C27C2C0050B506 /* MainVC.swift */ = {isa = PBXFileReference; lastKnownFileType = sourcecode.swift; path = MainVC.swift; sourceTree = "<group>"; };
		E71F712422C27E890050B506 /* SideMenuVC.swift */ = {isa = PBXFileReference; lastKnownFileType = sourcecode.swift; path = SideMenuVC.swift; sourceTree = "<group>"; };
		E71F712622C284630050B506 /* PageVC.swift */ = {isa = PBXFileReference; lastKnownFileType = sourcecode.swift; path = PageVC.swift; sourceTree = "<group>"; };
		E74B26442303D2E50057684B /* Extensions.swift */ = {isa = PBXFileReference; lastKnownFileType = sourcecode.swift; path = Extensions.swift; sourceTree = "<group>"; };
		E780E5B12301938000869885 /* Main.storyboard */ = {isa = PBXFileReference; lastKnownFileType = file.storyboard; path = Main.storyboard; sourceTree = "<group>"; };
		E79D0003230557BD0009AF58 /* DailyLife.jpg */ = {isa = PBXFileReference; lastKnownFileType = image.jpeg; path = DailyLife.jpg; sourceTree = "<group>"; };
		E79D708A22DC50F3001125F6 /* PageCell.swift */ = {isa = PBXFileReference; lastKnownFileType = sourcecode.swift; path = PageCell.swift; sourceTree = "<group>"; };
		E7BDA7912304657F00174257 /* CardVC.swift */ = {isa = PBXFileReference; lastKnownFileType = sourcecode.swift; path = CardVC.swift; sourceTree = "<group>"; };
		E7BDA7922304657F00174257 /* CardVC.xib */ = {isa = PBXFileReference; lastKnownFileType = file.xib; path = CardVC.xib; sourceTree = "<group>"; };
		E7BDA79523046AE500174257 /* WebViewController.swift */ = {isa = PBXFileReference; lastKnownFileType = sourcecode.swift; path = WebViewController.swift; sourceTree = "<group>"; };
		E7C8E37122C3BC5E00235DA5 /* ApiServices.swift */ = {isa = PBXFileReference; lastKnownFileType = sourcecode.swift; path = ApiServices.swift; sourceTree = "<group>"; };
		E7C8E37722C3C4E300235DA5 /* NewsApi.swift */ = {isa = PBXFileReference; lastKnownFileType = sourcecode.swift; path = NewsApi.swift; sourceTree = "<group>"; };
		E7F30CAA2305AEF700305C69 /* ReadingVC2.swift */ = {isa = PBXFileReference; lastKnownFileType = sourcecode.swift; path = ReadingVC2.swift; sourceTree = "<group>"; };
		E7F30CAC2305AF4500305C69 /* ReadingCell.swift */ = {isa = PBXFileReference; lastKnownFileType = sourcecode.swift; path = ReadingCell.swift; sourceTree = "<group>"; };
/* End PBXFileReference section */

/* Begin PBXFrameworksBuildPhase section */
		E71F710622C267D60050B506 /* Frameworks */ = {
			isa = PBXFrameworksBuildPhase;
			buildActionMask = 2147483647;
			files = (
				9C5D29B314379FA27E193C68 /* Pods_DailyLifeV2.framework in Frameworks */,
			);
			runOnlyForDeploymentPostprocessing = 0;
		};
/* End PBXFrameworksBuildPhase section */

/* Begin PBXGroup section */
		234920382487C2726FD4ADEE /* Pods */ = {
			isa = PBXGroup;
			children = (
				71B047000680A13661F4848D /* Pods-DailyLifeV2.debug.xcconfig */,
				86EDA4EDD397EBA02FC6B968 /* Pods-DailyLifeV2.release.xcconfig */,
			);
			name = Pods;
			sourceTree = "<group>";
		};
		5FBAB8AF67ACCEA7983682EA /* Frameworks */ = {
			isa = PBXGroup;
			children = (
				9E16A3F239C02545B482EB3F /* Pods_DailyLifeV2.framework */,
			);
			name = Frameworks;
			sourceTree = "<group>";
		};
		E71F710022C267D60050B506 = {
			isa = PBXGroup;
			children = (
				E71F710B22C267D60050B506 /* DailyLifeV2 */,
				E71F710A22C267D60050B506 /* Products */,
				234920382487C2726FD4ADEE /* Pods */,
				5FBAB8AF67ACCEA7983682EA /* Frameworks */,
			);
			sourceTree = "<group>";
		};
		E71F710A22C267D60050B506 /* Products */ = {
			isa = PBXGroup;
			children = (
				E71F710922C267D60050B506 /* DailyLifeV2.app */,
			);
			name = Products;
			sourceTree = "<group>";
		};
		E71F710B22C267D60050B506 /* DailyLifeV2 */ = {
			isa = PBXGroup;
			children = (
				E74B26432303D2BB0057684B /* New Group */,
				E71F712122C26B300050B506 /* Helper */,
				E71F712022C26B240050B506 /* Model */,
				E71F711F22C26B1E0050B506 /* View */,
				E71F711E22C26B170050B506 /* Controller */,
				E71F711322C267D80050B506 /* Assets.xcassets */,
				E71F711822C267D80050B506 /* Info.plist */,
				E71F710C22C267D60050B506 /* AppDelegate.swift */,
			);
			path = DailyLifeV2;
			sourceTree = "<group>";
		};
		E71F711E22C26B170050B506 /* Controller */ = {
			isa = PBXGroup;
			children = (
				E71F710E22C267D60050B506 /* HomeVC.swift */,
				E71F712222C27C2C0050B506 /* MainVC.swift */,
				E71F712422C27E890050B506 /* SideMenuVC.swift */,
				E71F712622C284630050B506 /* PageVC.swift */,
				E7BDA79523046AE500174257 /* WebViewController.swift */,
				E7BDA7912304657F00174257 /* CardVC.swift */,
				E7F30CAA2305AEF700305C69 /* ReadingVC2.swift */,
			);
			path = Controller;
			sourceTree = "<group>";
		};
		E71F711F22C26B1E0050B506 /* View */ = {
			isa = PBXGroup;
			children = (
				E780E5B12301938000869885 /* Main.storyboard */,
				E7BDA7922304657F00174257 /* CardVC.xib */,
				E71F711522C267D80050B506 /* LaunchScreen.storyboard */,
				E79D0003230557BD0009AF58 /* DailyLife.jpg */,
				E79D708A22DC50F3001125F6 /* PageCell.swift */,
				E70492AB23014FCC0023E468 /* SideMenuCell.swift */,
				E7F30CAC2305AF4500305C69 /* ReadingCell.swift */,
			);
			path = View;
			sourceTree = "<group>";
		};
		E71F712022C26B240050B506 /* Model */ = {
			isa = PBXGroup;
			children = (
				E7C8E37722C3C4E300235DA5 /* NewsApi.swift */,
			);
			path = Model;
			sourceTree = "<group>";
		};
		E71F712122C26B300050B506 /* Helper */ = {
			isa = PBXGroup;
			children = (
				E7C8E37122C3BC5E00235DA5 /* ApiServices.swift */,
			);
			path = Helper;
			sourceTree = "<group>";
		};
		E74B26432303D2BB0057684B /* New Group */ = {
			isa = PBXGroup;
			children = (
				E74B26442303D2E50057684B /* Extensions.swift */,
			);
			path = "New Group";
			sourceTree = "<group>";
		};
/* End PBXGroup section */

/* Begin PBXNativeTarget section */
		E71F710822C267D60050B506 /* DailyLifeV2 */ = {
			isa = PBXNativeTarget;
			buildConfigurationList = E71F711B22C267D80050B506 /* Build configuration list for PBXNativeTarget "DailyLifeV2" */;
			buildPhases = (
				C2D77A7D30A77A68A1D34997 /* [CP] Check Pods Manifest.lock */,
				E71F710522C267D60050B506 /* Sources */,
				E71F710622C267D60050B506 /* Frameworks */,
				E71F710722C267D60050B506 /* Resources */,
				46B1C420240576B544B5C8C8 /* [CP] Embed Pods Frameworks */,
			);
			buildRules = (
			);
			dependencies = (
			);
			name = DailyLifeV2;
			productName = DailyLifeV2;
			productReference = E71F710922C267D60050B506 /* DailyLifeV2.app */;
			productType = "com.apple.product-type.application";
		};
/* End PBXNativeTarget section */

/* Begin PBXProject section */
		E71F710122C267D60050B506 /* Project object */ = {
			isa = PBXProject;
			attributes = {
				LastSwiftUpdateCheck = 1020;
				LastUpgradeCheck = 1020;
				ORGANIZATIONNAME = LGL;
				TargetAttributes = {
					E71F710822C267D60050B506 = {
						CreatedOnToolsVersion = 10.2.1;
					};
				};
			};
			buildConfigurationList = E71F710422C267D60050B506 /* Build configuration list for PBXProject "DailyLifeV2" */;
			compatibilityVersion = "Xcode 9.3";
			developmentRegion = en;
			hasScannedForEncodings = 0;
			knownRegions = (
				en,
				Base,
			);
			mainGroup = E71F710022C267D60050B506;
			productRefGroup = E71F710A22C267D60050B506 /* Products */;
			projectDirPath = "";
			projectRoot = "";
			targets = (
				E71F710822C267D60050B506 /* DailyLifeV2 */,
			);
		};
/* End PBXProject section */

/* Begin PBXResourcesBuildPhase section */
		E71F710722C267D60050B506 /* Resources */ = {
			isa = PBXResourcesBuildPhase;
			buildActionMask = 2147483647;
			files = (
				E71F711722C267D80050B506 /* LaunchScreen.storyboard in Resources */,
				E780E5B22301938000869885 /* Main.storyboard in Resources */,
				E79D0004230557BD0009AF58 /* DailyLife.jpg in Resources */,
				E7BDA7942304657F00174257 /* CardVC.xib in Resources */,
				E71F711422C267D80050B506 /* Assets.xcassets in Resources */,
			);
			runOnlyForDeploymentPostprocessing = 0;
		};
/* End PBXResourcesBuildPhase section */

/* Begin PBXShellScriptBuildPhase section */
		46B1C420240576B544B5C8C8 /* [CP] Embed Pods Frameworks */ = {
			isa = PBXShellScriptBuildPhase;
			buildActionMask = 2147483647;
			files = (
			);
			inputPaths = (
				"${SRCROOT}/Pods/Target Support Files/Pods-DailyLifeV2/Pods-DailyLifeV2-frameworks.sh",
				"${BUILT_PRODUCTS_DIR}/Alamofire/Alamofire.framework",
				"${BUILT_PRODUCTS_DIR}/SDWebImage/SDWebImage.framework",
				"${BUILT_PRODUCTS_DIR}/Socket.IO-Client-Swift/SocketIO.framework",
				"${BUILT_PRODUCTS_DIR}/Starscream/Starscream.framework",
				"${BUILT_PRODUCTS_DIR}/SwiftyJSON/SwiftyJSON.framework",
				"${BUILT_PRODUCTS_DIR}/XLPagerTabStrip/XLPagerTabStrip.framework",
			);
			name = "[CP] Embed Pods Frameworks";
			outputPaths = (
				"${TARGET_BUILD_DIR}/${FRAMEWORKS_FOLDER_PATH}/Alamofire.framework",
				"${TARGET_BUILD_DIR}/${FRAMEWORKS_FOLDER_PATH}/SDWebImage.framework",
				"${TARGET_BUILD_DIR}/${FRAMEWORKS_FOLDER_PATH}/SocketIO.framework",
				"${TARGET_BUILD_DIR}/${FRAMEWORKS_FOLDER_PATH}/Starscream.framework",
				"${TARGET_BUILD_DIR}/${FRAMEWORKS_FOLDER_PATH}/SwiftyJSON.framework",
				"${TARGET_BUILD_DIR}/${FRAMEWORKS_FOLDER_PATH}/XLPagerTabStrip.framework",
			);
			runOnlyForDeploymentPostprocessing = 0;
			shellPath = /bin/sh;
			shellScript = "\"${SRCROOT}/Pods/Target Support Files/Pods-DailyLifeV2/Pods-DailyLifeV2-frameworks.sh\"\n";
			showEnvVarsInLog = 0;
		};
		C2D77A7D30A77A68A1D34997 /* [CP] Check Pods Manifest.lock */ = {
			isa = PBXShellScriptBuildPhase;
			buildActionMask = 2147483647;
			files = (
			);
			inputPaths = (
				"${PODS_PODFILE_DIR_PATH}/Podfile.lock",
				"${PODS_ROOT}/Manifest.lock",
			);
			name = "[CP] Check Pods Manifest.lock";
			outputPaths = (
				"$(DERIVED_FILE_DIR)/Pods-DailyLifeV2-checkManifestLockResult.txt",
			);
			runOnlyForDeploymentPostprocessing = 0;
			shellPath = /bin/sh;
			shellScript = "diff \"${PODS_PODFILE_DIR_PATH}/Podfile.lock\" \"${PODS_ROOT}/Manifest.lock\" > /dev/null\nif [ $? != 0 ] ; then\n    # print error to STDERR\n    echo \"error: The sandbox is not in sync with the Podfile.lock. Run 'pod install' or update your CocoaPods installation.\" >&2\n    exit 1\nfi\n# This output is used by Xcode 'outputs' to avoid re-running this script phase.\necho \"SUCCESS\" > \"${SCRIPT_OUTPUT_FILE_0}\"\n";
			showEnvVarsInLog = 0;
		};
/* End PBXShellScriptBuildPhase section */

/* Begin PBXSourcesBuildPhase section */
		E71F710522C267D60050B506 /* Sources */ = {
			isa = PBXSourcesBuildPhase;
			buildActionMask = 2147483647;
			files = (
				E7C8E37222C3BC5E00235DA5 /* ApiServices.swift in Sources */,
				E71F710F22C267D60050B506 /* HomeVC.swift in Sources */,
				E71F712722C284630050B506 /* PageVC.swift in Sources */,
				E71F712522C27E890050B506 /* SideMenuVC.swift in Sources */,
				E7F30CAB2305AEF700305C69 /* ReadingVC2.swift in Sources */,
				E70492AC23014FCC0023E468 /* SideMenuCell.swift in Sources */,
				E7BDA7932304657F00174257 /* CardVC.swift in Sources */,
				E71F712322C27C2C0050B506 /* MainVC.swift in Sources */,
				E71F710D22C267D60050B506 /* AppDelegate.swift in Sources */,
				E79D708B22DC50F3001125F6 /* PageCell.swift in Sources */,
				E7F30CAD2305AF4500305C69 /* ReadingCell.swift in Sources */,
				E74B26452303D2E50057684B /* Extensions.swift in Sources */,
				E7BDA79623046AE500174257 /* WebViewController.swift in Sources */,
				E7C8E37822C3C4E300235DA5 /* NewsApi.swift in Sources */,
			);
			runOnlyForDeploymentPostprocessing = 0;
		};
/* End PBXSourcesBuildPhase section */

/* Begin PBXVariantGroup section */
		E71F711522C267D80050B506 /* LaunchScreen.storyboard */ = {
			isa = PBXVariantGroup;
			children = (
				E71F711622C267D80050B506 /* Base */,
			);
			name = LaunchScreen.storyboard;
			sourceTree = "<group>";
		};
/* End PBXVariantGroup section */

/* Begin XCBuildConfiguration section */
		E71F711922C267D80050B506 /* Debug */ = {
			isa = XCBuildConfiguration;
			buildSettings = {
				ALWAYS_SEARCH_USER_PATHS = NO;
				CLANG_ANALYZER_NONNULL = YES;
				CLANG_ANALYZER_NUMBER_OBJECT_CONVERSION = YES_AGGRESSIVE;
				CLANG_CXX_LANGUAGE_STANDARD = "gnu++14";
				CLANG_CXX_LIBRARY = "libc++";
				CLANG_ENABLE_MODULES = YES;
				CLANG_ENABLE_OBJC_ARC = YES;
				CLANG_ENABLE_OBJC_WEAK = YES;
				CLANG_WARN_BLOCK_CAPTURE_AUTORELEASING = YES;
				CLANG_WARN_BOOL_CONVERSION = YES;
				CLANG_WARN_COMMA = YES;
				CLANG_WARN_CONSTANT_CONVERSION = YES;
				CLANG_WARN_DEPRECATED_OBJC_IMPLEMENTATIONS = YES;
				CLANG_WARN_DIRECT_OBJC_ISA_USAGE = YES_ERROR;
				CLANG_WARN_DOCUMENTATION_COMMENTS = YES;
				CLANG_WARN_EMPTY_BODY = YES;
				CLANG_WARN_ENUM_CONVERSION = YES;
				CLANG_WARN_INFINITE_RECURSION = YES;
				CLANG_WARN_INT_CONVERSION = YES;
				CLANG_WARN_NON_LITERAL_NULL_CONVERSION = YES;
				CLANG_WARN_OBJC_IMPLICIT_RETAIN_SELF = YES;
				CLANG_WARN_OBJC_LITERAL_CONVERSION = YES;
				CLANG_WARN_OBJC_ROOT_CLASS = YES_ERROR;
				CLANG_WARN_RANGE_LOOP_ANALYSIS = YES;
				CLANG_WARN_STRICT_PROTOTYPES = YES;
				CLANG_WARN_SUSPICIOUS_MOVE = YES;
				CLANG_WARN_UNGUARDED_AVAILABILITY = YES_AGGRESSIVE;
				CLANG_WARN_UNREACHABLE_CODE = YES;
				CLANG_WARN__DUPLICATE_METHOD_MATCH = YES;
				CODE_SIGN_IDENTITY = "iPhone Developer";
				COPY_PHASE_STRIP = NO;
				DEBUG_INFORMATION_FORMAT = dwarf;
				ENABLE_STRICT_OBJC_MSGSEND = YES;
				ENABLE_TESTABILITY = YES;
				GCC_C_LANGUAGE_STANDARD = gnu11;
				GCC_DYNAMIC_NO_PIC = NO;
				GCC_NO_COMMON_BLOCKS = YES;
				GCC_OPTIMIZATION_LEVEL = 0;
				GCC_PREPROCESSOR_DEFINITIONS = (
					"DEBUG=1",
					"$(inherited)",
				);
				GCC_WARN_64_TO_32_BIT_CONVERSION = YES;
				GCC_WARN_ABOUT_RETURN_TYPE = YES_ERROR;
				GCC_WARN_UNDECLARED_SELECTOR = YES;
				GCC_WARN_UNINITIALIZED_AUTOS = YES_AGGRESSIVE;
				GCC_WARN_UNUSED_FUNCTION = YES;
				GCC_WARN_UNUSED_VARIABLE = YES;
				IPHONEOS_DEPLOYMENT_TARGET = 12.2;
				MTL_ENABLE_DEBUG_INFO = INCLUDE_SOURCE;
				MTL_FAST_MATH = YES;
				ONLY_ACTIVE_ARCH = YES;
				SDKROOT = iphoneos;
				SWIFT_ACTIVE_COMPILATION_CONDITIONS = DEBUG;
				SWIFT_OPTIMIZATION_LEVEL = "-Onone";
			};
			name = Debug;
		};
		E71F711A22C267D80050B506 /* Release */ = {
			isa = XCBuildConfiguration;
			buildSettings = {
				ALWAYS_SEARCH_USER_PATHS = NO;
				CLANG_ANALYZER_NONNULL = YES;
				CLANG_ANALYZER_NUMBER_OBJECT_CONVERSION = YES_AGGRESSIVE;
				CLANG_CXX_LANGUAGE_STANDARD = "gnu++14";
				CLANG_CXX_LIBRARY = "libc++";
				CLANG_ENABLE_MODULES = YES;
				CLANG_ENABLE_OBJC_ARC = YES;
				CLANG_ENABLE_OBJC_WEAK = YES;
				CLANG_WARN_BLOCK_CAPTURE_AUTORELEASING = YES;
				CLANG_WARN_BOOL_CONVERSION = YES;
				CLANG_WARN_COMMA = YES;
				CLANG_WARN_CONSTANT_CONVERSION = YES;
				CLANG_WARN_DEPRECATED_OBJC_IMPLEMENTATIONS = YES;
				CLANG_WARN_DIRECT_OBJC_ISA_USAGE = YES_ERROR;
				CLANG_WARN_DOCUMENTATION_COMMENTS = YES;
				CLANG_WARN_EMPTY_BODY = YES;
				CLANG_WARN_ENUM_CONVERSION = YES;
				CLANG_WARN_INFINITE_RECURSION = YES;
				CLANG_WARN_INT_CONVERSION = YES;
				CLANG_WARN_NON_LITERAL_NULL_CONVERSION = YES;
				CLANG_WARN_OBJC_IMPLICIT_RETAIN_SELF = YES;
				CLANG_WARN_OBJC_LITERAL_CONVERSION = YES;
				CLANG_WARN_OBJC_ROOT_CLASS = YES_ERROR;
				CLANG_WARN_RANGE_LOOP_ANALYSIS = YES;
				CLANG_WARN_STRICT_PROTOTYPES = YES;
				CLANG_WARN_SUSPICIOUS_MOVE = YES;
				CLANG_WARN_UNGUARDED_AVAILABILITY = YES_AGGRESSIVE;
				CLANG_WARN_UNREACHABLE_CODE = YES;
				CLANG_WARN__DUPLICATE_METHOD_MATCH = YES;
				CODE_SIGN_IDENTITY = "iPhone Developer";
				COPY_PHASE_STRIP = NO;
				DEBUG_INFORMATION_FORMAT = "dwarf-with-dsym";
				ENABLE_NS_ASSERTIONS = NO;
				ENABLE_STRICT_OBJC_MSGSEND = YES;
				GCC_C_LANGUAGE_STANDARD = gnu11;
				GCC_NO_COMMON_BLOCKS = YES;
				GCC_WARN_64_TO_32_BIT_CONVERSION = YES;
				GCC_WARN_ABOUT_RETURN_TYPE = YES_ERROR;
				GCC_WARN_UNDECLARED_SELECTOR = YES;
				GCC_WARN_UNINITIALIZED_AUTOS = YES_AGGRESSIVE;
				GCC_WARN_UNUSED_FUNCTION = YES;
				GCC_WARN_UNUSED_VARIABLE = YES;
				IPHONEOS_DEPLOYMENT_TARGET = 12.2;
				MTL_ENABLE_DEBUG_INFO = NO;
				MTL_FAST_MATH = YES;
				SDKROOT = iphoneos;
				SWIFT_COMPILATION_MODE = wholemodule;
				SWIFT_OPTIMIZATION_LEVEL = "-O";
				VALIDATE_PRODUCT = YES;
			};
			name = Release;
		};
		E71F711C22C267D80050B506 /* Debug */ = {
			isa = XCBuildConfiguration;
			baseConfigurationReference = 71B047000680A13661F4848D /* Pods-DailyLifeV2.debug.xcconfig */;
			buildSettings = {
				ASSETCATALOG_COMPILER_APPICON_NAME = AppIcon;
				CODE_SIGN_STYLE = Automatic;
				DEVELOPMENT_TEAM = 56G8LHHBBK;
				INFOPLIST_FILE = DailyLifeV2/Info.plist;
				LD_RUNPATH_SEARCH_PATHS = (
					"$(inherited)",
					"@executable_path/Frameworks",
				);
				PRODUCT_BUNDLE_IDENTIFIER = com.LGL.DailyLifeV2;
				PRODUCT_NAME = "$(TARGET_NAME)";
				SWIFT_VERSION = 5.0;
				TARGETED_DEVICE_FAMILY = "1,2";
			};
			name = Debug;
		};
		E71F711D22C267D80050B506 /* Release */ = {
			isa = XCBuildConfiguration;
			baseConfigurationReference = 86EDA4EDD397EBA02FC6B968 /* Pods-DailyLifeV2.release.xcconfig */;
			buildSettings = {
				ASSETCATALOG_COMPILER_APPICON_NAME = AppIcon;
				CODE_SIGN_STYLE = Automatic;
				DEVELOPMENT_TEAM = 56G8LHHBBK;
				INFOPLIST_FILE = DailyLifeV2/Info.plist;
				LD_RUNPATH_SEARCH_PATHS = (
					"$(inherited)",
					"@executable_path/Frameworks",
				);
				PRODUCT_BUNDLE_IDENTIFIER = com.LGL.DailyLifeV2;
				PRODUCT_NAME = "$(TARGET_NAME)";
				SWIFT_VERSION = 5.0;
				TARGETED_DEVICE_FAMILY = "1,2";
			};
			name = Release;
		};
/* End XCBuildConfiguration section */

/* Begin XCConfigurationList section */
		E71F710422C267D60050B506 /* Build configuration list for PBXProject "DailyLifeV2" */ = {
			isa = XCConfigurationList;
			buildConfigurations = (
				E71F711922C267D80050B506 /* Debug */,
				E71F711A22C267D80050B506 /* Release */,
			);
			defaultConfigurationIsVisible = 0;
			defaultConfigurationName = Release;
		};
		E71F711B22C267D80050B506 /* Build configuration list for PBXNativeTarget "DailyLifeV2" */ = {
			isa = XCConfigurationList;
			buildConfigurations = (
				E71F711C22C267D80050B506 /* Debug */,
				E71F711D22C267D80050B506 /* Release */,
			);
			defaultConfigurationIsVisible = 0;
			defaultConfigurationName = Release;
		};
/* End XCConfigurationList section */
	};
	rootObject = E71F710122C267D60050B506 /* Project object */;
}
